
Microsoft Visual Studio Solution File, Format Version 12.00
# Visual Studio 15
VisualStudioVersion = 15.0.28307.271
MinimumVisualStudioVersion = 10.0.40219.1
Project("{FAE04EC0-301F-11D3-BF4B-00C04F79EFBC}") = "MyCollections", "MyCollections\MyCollections.csproj", "{2A54A752-0ACA-453F-93A3-23BC1DCF478B}"
EndProject
Project("{FAE04EC0-301F-11D3-BF4B-00C04F79EFBC}") = "MyCollections.Lib", "MyCollections.Lib\MyCollections.Lib.csproj", "{4D871071-EAA4-4A7A-A2B1-AE2C0CB5F104}"
EndProject
Project("{FAE04EC0-301F-11D3-BF4B-00C04F79EFBC}") = "MyCollections.UnitTestProjects", "MyCollections.UnitTestProjects\MyCollections.UnitTestProjects.csproj", "{2FDABD6E-07B7-42EF-BC2D-FECE650405DB}"
EndProject
Global
	GlobalSection(SolutionConfigurationPlatforms) = preSolution
		Debug|Any CPU = Debug|Any CPU
		Release|Any CPU = Release|Any CPU
	EndGlobalSection
	GlobalSection(ProjectConfigurationPlatforms) = postSolution
		{2A54A752-0ACA-453F-93A3-23BC1DCF478B}.Debug|Any CPU.ActiveCfg = Debug|Any CPU
		{2A54A752-0ACA-453F-93A3-23BC1DCF478B}.Debug|Any CPU.Build.0 = Debug|Any CPU
		{2A54A752-0ACA-453F-93A3-23BC1DCF478B}.Release|Any CPU.ActiveCfg = Release|Any CPU
		{2A54A752-0ACA-453F-93A3-23BC1DCF478B}.Release|Any CPU.Build.0 = Release|Any CPU
		{4D871071-EAA4-4A7A-A2B1-AE2C0CB5F104}.Debug|Any CPU.ActiveCfg = Debug|Any CPU
		{4D871071-EAA4-4A7A-A2B1-AE2C0CB5F104}.Debug|Any CPU.Build.0 = Debug|Any CPU
		{4D871071-EAA4-4A7A-A2B1-AE2C0CB5F104}.Release|Any CPU.ActiveCfg = Release|Any CPU
		{4D871071-EAA4-4A7A-A2B1-AE2C0CB5F104}.Release|Any CPU.Build.0 = Release|Any CPU
		{2FDABD6E-07B7-42EF-BC2D-FECE650405DB}.Debug|Any CPU.ActiveCfg = Debug|Any CPU
		{2FDABD6E-07B7-42EF-BC2D-FECE650405DB}.Debug|Any CPU.Build.0 = Debug|Any CPU
		{2FDABD6E-07B7-42EF-BC2D-FECE650405DB}.Release|Any CPU.ActiveCfg = Release|Any CPU
		{2FDABD6E-07B7-42EF-BC2D-FECE650405DB}.Release|Any CPU.Build.0 = Release|Any CPU
	EndGlobalSection
	GlobalSection(SolutionProperties) = preSolution
		HideSolutionNode = FALSE
	EndGlobalSection
	GlobalSection(ExtensibilityGlobals) = postSolution
		SolutionGuid = {7593C3F2-4212-4F80-A9B0-DC0CA4ED9096}
	EndGlobalSection
EndGlobal
